
Microsoft Visual Studio Solution File, Format Version 12.00
# Visual Studio Version 17
VisualStudioVersion = 17.0.32112.339
MinimumVisualStudioVersion = 10.0.40219.1
Project("{FAE04EC0-301F-11D3-BF4B-00C04F79EFBC}") = "FiddlerProxy", "FiddlerProxy\FiddlerProxy.csproj", "{2739F67D-D7ED-42BF-A9B1-C582C310D450}"
EndProject
Global
	GlobalSection(SolutionConfigurationPlatforms) = preSolution
		Debug|Any CPU = Debug|Any CPU
		Release|Any CPU = Release|Any CPU
	EndGlobalSection
	GlobalSection(ProjectConfigurationPlatforms) = postSolution
		{2739F67D-D7ED-42BF-A9B1-C582C310D450}.Debug|Any CPU.ActiveCfg = Debug|Any CPU
		{2739F67D-D7ED-42BF-A9B1-C582C310D450}.Debug|Any CPU.Build.0 = Debug|Any CPU
		{2739F67D-D7ED-42BF-A9B1-C582C310D450}.Release|Any CPU.ActiveCfg = Release|Any CPU
		{2739F67D-D7ED-42BF-A9B1-C582C310D450}.Release|Any CPU.Build.0 = Release|Any CPU
	EndGlobalSection
	GlobalSection(SolutionProperties) = preSolution
		HideSolutionNode = FALSE
	EndGlobalSection
	GlobalSection(ExtensibilityGlobals) = postSolution
		SolutionGuid = {0E988766-05D8-41FA-8DA4-F592F891223A}
	EndGlobalSection
EndGlobal
